
Microsoft Visual Studio Solution File, Format Version 12.00
# Visual Studio Version 16
VisualStudioVersion = 16.0.31129.286
MinimumVisualStudioVersion = 10.0.40219.1
Project("{8BC9CEB8-8B4A-11D0-8D11-00A0C91BC942}") = "sinhvienhetinchi", "sinhvienhetinchi\sinhvienhetinchi.vcxproj", "{4B9308FF-9330-4AAD-8779-84030C3309AC}"
EndProject
Global
	GlobalSection(SolutionConfigurationPlatforms) = preSolution
		Debug|x64 = Debug|x64
		Debug|x86 = Debug|x86
		Release|x64 = Release|x64
		Release|x86 = Release|x86
	EndGlobalSection
	GlobalSection(ProjectConfigurationPlatforms) = postSolution
		{4B9308FF-9330-4AAD-8779-84030C3309AC}.Debug|x64.ActiveCfg = Debug|x64
		{4B9308FF-9330-4AAD-8779-84030C3309AC}.Debug|x64.Build.0 = Debug|x64
		{4B9308FF-9330-4AAD-8779-84030C3309AC}.Debug|x86.ActiveCfg = Debug|Win32
		{4B9308FF-9330-4AAD-8779-84030C3309AC}.Debug|x86.Build.0 = Debug|Win32
		{4B9308FF-9330-4AAD-8779-84030C3309AC}.Release|x64.ActiveCfg = Release|x64
		{4B9308FF-9330-4AAD-8779-84030C3309AC}.Release|x64.Build.0 = Release|x64
		{4B9308FF-9330-4AAD-8779-84030C3309AC}.Release|x86.ActiveCfg = Release|Win32
		{4B9308FF-9330-4AAD-8779-84030C3309AC}.Release|x86.Build.0 = Release|Win32
	EndGlobalSection
	GlobalSection(SolutionProperties) = preSolution
		HideSolutionNode = FALSE
	EndGlobalSection
	GlobalSection(ExtensibilityGlobals) = postSolution
		SolutionGuid = {877453C8-259D-4C50-9F30-FEBC20B6401C}
	EndGlobalSection
EndGlobal
